// !$*UTF8*$!
{
	archiveVersion = 1;
	classes = {
	};
	objectVersion = 56;
	objects = {

/* Begin PBXBuildFile section */
		844BC4662A1E283700147B16 /* FavoriteButton.swift in Sources */ = {isa = PBXBuildFile; fileRef = 844BC4652A1E283700147B16 /* FavoriteButton.swift */; };
		844BC46B2A1E2E4B00147B16 /* Algorithms in Frameworks */ = {isa = PBXBuildFile; productRef = 844BC46A2A1E2E4B00147B16 /* Algorithms */; };
		84E1F1072A1E061F00D5C368 /* LandmarksApp.swift in Sources */ = {isa = PBXBuildFile; fileRef = 84E1F1062A1E061F00D5C368 /* LandmarksApp.swift */; };
		84E1F1092A1E061F00D5C368 /* ContentView.swift in Sources */ = {isa = PBXBuildFile; fileRef = 84E1F1082A1E061F00D5C368 /* ContentView.swift */; };
		84E1F10B2A1E062100D5C368 /* Assets.xcassets in Resources */ = {isa = PBXBuildFile; fileRef = 84E1F10A2A1E062100D5C368 /* Assets.xcassets */; };
		84E1F10E2A1E062100D5C368 /* Preview Assets.xcassets in Resources */ = {isa = PBXBuildFile; fileRef = 84E1F10D2A1E062100D5C368 /* Preview Assets.xcassets */; };
		84E1F1182A1E062100D5C368 /* LandmarksTests.swift in Sources */ = {isa = PBXBuildFile; fileRef = 84E1F1172A1E062100D5C368 /* LandmarksTests.swift */; };
		84E1F1222A1E062100D5C368 /* LandmarksUITests.swift in Sources */ = {isa = PBXBuildFile; fileRef = 84E1F1212A1E062100D5C368 /* LandmarksUITests.swift */; };
		84E1F1242A1E062100D5C368 /* LandmarksUITestsLaunchTests.swift in Sources */ = {isa = PBXBuildFile; fileRef = 84E1F1232A1E062100D5C368 /* LandmarksUITestsLaunchTests.swift */; };
		84E1F1312A1E0A6500D5C368 /* CircleImage.swift in Sources */ = {isa = PBXBuildFile; fileRef = 84E1F1302A1E0A6500D5C368 /* CircleImage.swift */; };
		84E1F1332A1E0B0500D5C368 /* MapView.swift in Sources */ = {isa = PBXBuildFile; fileRef = 84E1F1322A1E0B0500D5C368 /* MapView.swift */; };
		84E1F17A2A1E122900D5C368 /* ModelData.swift in Sources */ = {isa = PBXBuildFile; fileRef = 84E1F1782A1E122900D5C368 /* ModelData.swift */; };
		84E1F17B2A1E122900D5C368 /* Landmark.swift in Sources */ = {isa = PBXBuildFile; fileRef = 84E1F1792A1E122900D5C368 /* Landmark.swift */; };
		84E1F1802A1E12A300D5C368 /* landmarkData.json in Resources */ = {isa = PBXBuildFile; fileRef = 84E1F17F2A1E12A300D5C368 /* landmarkData.json */; };
		84E1F1822A1E12E400D5C368 /* LandmarkRow.swift in Sources */ = {isa = PBXBuildFile; fileRef = 84E1F1812A1E12E400D5C368 /* LandmarkRow.swift */; };
		84E1F1842A1E15B600D5C368 /* LandmarksList.swift in Sources */ = {isa = PBXBuildFile; fileRef = 84E1F1832A1E15B600D5C368 /* LandmarksList.swift */; };
		84E1F1862A1E16BF00D5C368 /* LandmarkDetail.swift in Sources */ = {isa = PBXBuildFile; fileRef = 84E1F1852A1E16BF00D5C368 /* LandmarkDetail.swift */; };
/* End PBXBuildFile section */

/* Begin PBXContainerItemProxy section */
		84E1F1142A1E062100D5C368 /* PBXContainerItemProxy */ = {
			isa = PBXContainerItemProxy;
			containerPortal = 84E1F0FB2A1E061F00D5C368 /* Project object */;
			proxyType = 1;
			remoteGlobalIDString = 84E1F1022A1E061F00D5C368;
			remoteInfo = Landmarks;
		};
		84E1F11E2A1E062100D5C368 /* PBXContainerItemProxy */ = {
			isa = PBXContainerItemProxy;
			containerPortal = 84E1F0FB2A1E061F00D5C368 /* Project object */;
			proxyType = 1;
			remoteGlobalIDString = 84E1F1022A1E061F00D5C368;
			remoteInfo = Landmarks;
		};
/* End PBXContainerItemProxy section */

/* Begin PBXFileReference section */
		844BC4652A1E283700147B16 /* FavoriteButton.swift */ = {isa = PBXFileReference; lastKnownFileType = sourcecode.swift; path = FavoriteButton.swift; sourceTree = "<group>"; };
		84E1F1032A1E061F00D5C368 /* Landmarks.app */ = {isa = PBXFileReference; explicitFileType = wrapper.application; includeInIndex = 0; path = Landmarks.app; sourceTree = BUILT_PRODUCTS_DIR; };
		84E1F1062A1E061F00D5C368 /* LandmarksApp.swift */ = {isa = PBXFileReference; lastKnownFileType = sourcecode.swift; path = LandmarksApp.swift; sourceTree = "<group>"; };
		84E1F1082A1E061F00D5C368 /* ContentView.swift */ = {isa = PBXFileReference; lastKnownFileType = sourcecode.swift; path = ContentView.swift; sourceTree = "<group>"; };
		84E1F10A2A1E062100D5C368 /* Assets.xcassets */ = {isa = PBXFileReference; lastKnownFileType = folder.assetcatalog; path = Assets.xcassets; sourceTree = "<group>"; };
		84E1F10D2A1E062100D5C368 /* Preview Assets.xcassets */ = {isa = PBXFileReference; lastKnownFileType = folder.assetcatalog; path = "Preview Assets.xcassets"; sourceTree = "<group>"; };
		84E1F1132A1E062100D5C368 /* LandmarksTests.xctest */ = {isa = PBXFileReference; explicitFileType = wrapper.cfbundle; includeInIndex = 0; path = LandmarksTests.xctest; sourceTree = BUILT_PRODUCTS_DIR; };
		84E1F1172A1E062100D5C368 /* LandmarksTests.swift */ = {isa = PBXFileReference; lastKnownFileType = sourcecode.swift; path = LandmarksTests.swift; sourceTree = "<group>"; };
		84E1F11D2A1E062100D5C368 /* LandmarksUITests.xctest */ = {isa = PBXFileReference; explicitFileType = wrapper.cfbundle; includeInIndex = 0; path = LandmarksUITests.xctest; sourceTree = BUILT_PRODUCTS_DIR; };
		84E1F1212A1E062100D5C368 /* LandmarksUITests.swift */ = {isa = PBXFileReference; lastKnownFileType = sourcecode.swift; path = LandmarksUITests.swift; sourceTree = "<group>"; };
		84E1F1232A1E062100D5C368 /* LandmarksUITestsLaunchTests.swift */ = {isa = PBXFileReference; lastKnownFileType = sourcecode.swift; path = LandmarksUITestsLaunchTests.swift; sourceTree = "<group>"; };
		84E1F1302A1E0A6500D5C368 /* CircleImage.swift */ = {isa = PBXFileReference; lastKnownFileType = sourcecode.swift; path = CircleImage.swift; sourceTree = "<group>"; };
		84E1F1322A1E0B0500D5C368 /* MapView.swift */ = {isa = PBXFileReference; lastKnownFileType = sourcecode.swift; path = MapView.swift; sourceTree = "<group>"; };
		84E1F1782A1E122900D5C368 /* ModelData.swift */ = {isa = PBXFileReference; lastKnownFileType = sourcecode.swift; path = ModelData.swift; sourceTree = "<group>"; };
		84E1F1792A1E122900D5C368 /* Landmark.swift */ = {isa = PBXFileReference; lastKnownFileType = sourcecode.swift; path = Landmark.swift; sourceTree = "<group>"; };
		84E1F17F2A1E12A300D5C368 /* landmarkData.json */ = {isa = PBXFileReference; fileEncoding = 4; lastKnownFileType = text.json; path = landmarkData.json; sourceTree = "<group>"; };
		84E1F1812A1E12E400D5C368 /* LandmarkRow.swift */ = {isa = PBXFileReference; lastKnownFileType = sourcecode.swift; path = LandmarkRow.swift; sourceTree = "<group>"; };
		84E1F1832A1E15B600D5C368 /* LandmarksList.swift */ = {isa = PBXFileReference; lastKnownFileType = sourcecode.swift; path = LandmarksList.swift; sourceTree = "<group>"; };
		84E1F1852A1E16BF00D5C368 /* LandmarkDetail.swift */ = {isa = PBXFileReference; lastKnownFileType = sourcecode.swift; path = LandmarkDetail.swift; sourceTree = "<group>"; };
/* End PBXFileReference section */

/* Begin PBXFrameworksBuildPhase section */
		84E1F1002A1E061F00D5C368 /* Frameworks */ = {
			isa = PBXFrameworksBuildPhase;
			buildActionMask = 2147483647;
			files = (
				844BC46B2A1E2E4B00147B16 /* Algorithms in Frameworks */,
			);
			runOnlyForDeploymentPostprocessing = 0;
		};
		84E1F1102A1E062100D5C368 /* Frameworks */ = {
			isa = PBXFrameworksBuildPhase;
			buildActionMask = 2147483647;
			files = (
			);
			runOnlyForDeploymentPostprocessing = 0;
		};
		84E1F11A2A1E062100D5C368 /* Frameworks */ = {
			isa = PBXFrameworksBuildPhase;
			buildActionMask = 2147483647;
			files = (
			);
			runOnlyForDeploymentPostprocessing = 0;
		};
/* End PBXFrameworksBuildPhase section */

/* Begin PBXGroup section */
		844BC4672A1E28D500147B16 /* Helpers */ = {
			isa = PBXGroup;
			children = (
				844BC4652A1E283700147B16 /* FavoriteButton.swift */,
				84E1F1322A1E0B0500D5C368 /* MapView.swift */,
				84E1F1302A1E0A6500D5C368 /* CircleImage.swift */,
			);
			path = Helpers;
			sourceTree = "<group>";
		};
		844BC4682A1E28F600147B16 /* Landmarks */ = {
			isa = PBXGroup;
			children = (
				84E1F1812A1E12E400D5C368 /* LandmarkRow.swift */,
				84E1F1832A1E15B600D5C368 /* LandmarksList.swift */,
				84E1F1852A1E16BF00D5C368 /* LandmarkDetail.swift */,
			);
			path = Landmarks;
			sourceTree = "<group>";
		};
		84E1F0FA2A1E061F00D5C368 = {
			isa = PBXGroup;
			children = (
				84E1F1052A1E061F00D5C368 /* Landmarks */,
				84E1F1162A1E062100D5C368 /* LandmarksTests */,
				84E1F1202A1E062100D5C368 /* LandmarksUITests */,
				84E1F1042A1E061F00D5C368 /* Products */,
			);
			sourceTree = "<group>";
		};
		84E1F1042A1E061F00D5C368 /* Products */ = {
			isa = PBXGroup;
			children = (
				84E1F1032A1E061F00D5C368 /* Landmarks.app */,
				84E1F1132A1E062100D5C368 /* LandmarksTests.xctest */,
				84E1F11D2A1E062100D5C368 /* LandmarksUITests.xctest */,
			);
			name = Products;
			sourceTree = "<group>";
		};
		84E1F1052A1E061F00D5C368 /* Landmarks */ = {
			isa = PBXGroup;
			children = (
				84E1F1062A1E061F00D5C368 /* LandmarksApp.swift */,
				84E1F1742A1E11EE00D5C368 /* Views */,
				84E1F1752A1E11FD00D5C368 /* Model */,
				84E1F17E2A1E127E00D5C368 /* Resources */,
				84E1F10A2A1E062100D5C368 /* Assets.xcassets */,
				84E1F10C2A1E062100D5C368 /* Preview Content */,
			);
			path = Landmarks;
			sourceTree = "<group>";
		};
		84E1F10C2A1E062100D5C368 /* Preview Content */ = {
			isa = PBXGroup;
			children = (
				84E1F10D2A1E062100D5C368 /* Preview Assets.xcassets */,
			);
			path = "Preview Content";
			sourceTree = "<group>";
		};
		84E1F1162A1E062100D5C368 /* LandmarksTests */ = {
			isa = PBXGroup;
			children = (
				84E1F1172A1E062100D5C368 /* LandmarksTests.swift */,
			);
			path = LandmarksTests;
			sourceTree = "<group>";
		};
		84E1F1202A1E062100D5C368 /* LandmarksUITests */ = {
			isa = PBXGroup;
			children = (
				84E1F1212A1E062100D5C368 /* LandmarksUITests.swift */,
				84E1F1232A1E062100D5C368 /* LandmarksUITestsLaunchTests.swift */,
			);
			path = LandmarksUITests;
			sourceTree = "<group>";
		};
		84E1F1742A1E11EE00D5C368 /* Views */ = {
			isa = PBXGroup;
			children = (
				84E1F1082A1E061F00D5C368 /* ContentView.swift */,
				844BC4682A1E28F600147B16 /* Landmarks */,
				844BC4672A1E28D500147B16 /* Helpers */,
			);
			path = Views;
			sourceTree = "<group>";
		};
		84E1F1752A1E11FD00D5C368 /* Model */ = {
			isa = PBXGroup;
			children = (
				84E1F1792A1E122900D5C368 /* Landmark.swift */,
				84E1F1782A1E122900D5C368 /* ModelData.swift */,
			);
			path = Model;
			sourceTree = "<group>";
		};
		84E1F17E2A1E127E00D5C368 /* Resources */ = {
			isa = PBXGroup;
			children = (
				84E1F17F2A1E12A300D5C368 /* landmarkData.json */,
			);
			name = Resources;
			path = Model/Resources;
			sourceTree = "<group>";
		};
/* End PBXGroup section */

/* Begin PBXNativeTarget section */
		84E1F1022A1E061F00D5C368 /* Landmarks */ = {
			isa = PBXNativeTarget;
			buildConfigurationList = 84E1F1272A1E062100D5C368 /* Build configuration list for PBXNativeTarget "Landmarks" */;
			buildPhases = (
				84E1F0FF2A1E061F00D5C368 /* Sources */,
				84E1F1002A1E061F00D5C368 /* Frameworks */,
				84E1F1012A1E061F00D5C368 /* Resources */,
				844BC46C2A1E2EED00147B16 /* Swiftlint */,
			);
			buildRules = (
			);
			dependencies = (
			);
			name = Landmarks;
			packageProductDependencies = (
				844BC46A2A1E2E4B00147B16 /* Algorithms */,
			);
			productName = Landmarks;
			productReference = 84E1F1032A1E061F00D5C368 /* Landmarks.app */;
			productType = "com.apple.product-type.application";
		};
		84E1F1122A1E062100D5C368 /* LandmarksTests */ = {
			isa = PBXNativeTarget;
			buildConfigurationList = 84E1F12A2A1E062100D5C368 /* Build configuration list for PBXNativeTarget "LandmarksTests" */;
			buildPhases = (
				84E1F10F2A1E062100D5C368 /* Sources */,
				84E1F1102A1E062100D5C368 /* Frameworks */,
				84E1F1112A1E062100D5C368 /* Resources */,
			);
			buildRules = (
			);
			dependencies = (
				84E1F1152A1E062100D5C368 /* PBXTargetDependency */,
			);
			name = LandmarksTests;
			productName = LandmarksTests;
			productReference = 84E1F1132A1E062100D5C368 /* LandmarksTests.xctest */;
			productType = "com.apple.product-type.bundle.unit-test";
		};
		84E1F11C2A1E062100D5C368 /* LandmarksUITests */ = {
			isa = PBXNativeTarget;
			buildConfigurationList = 84E1F12D2A1E062100D5C368 /* Build configuration list for PBXNativeTarget "LandmarksUITests" */;
			buildPhases = (
				84E1F1192A1E062100D5C368 /* Sources */,
				84E1F11A2A1E062100D5C368 /* Frameworks */,
				84E1F11B2A1E062100D5C368 /* Resources */,
			);
			buildRules = (
			);
			dependencies = (
				84E1F11F2A1E062100D5C368 /* PBXTargetDependency */,
			);
			name = LandmarksUITests;
			productName = LandmarksUITests;
			productReference = 84E1F11D2A1E062100D5C368 /* LandmarksUITests.xctest */;
			productType = "com.apple.product-type.bundle.ui-testing";
		};
/* End PBXNativeTarget section */

/* Begin PBXProject section */
		84E1F0FB2A1E061F00D5C368 /* Project object */ = {
			isa = PBXProject;
			attributes = {
				BuildIndependentTargetsInParallel = 1;
				LastSwiftUpdateCheck = 1430;
				LastUpgradeCheck = 1430;
				TargetAttributes = {
					84E1F1022A1E061F00D5C368 = {
						CreatedOnToolsVersion = 14.3;
					};
					84E1F1122A1E062100D5C368 = {
						CreatedOnToolsVersion = 14.3;
						TestTargetID = 84E1F1022A1E061F00D5C368;
					};
					84E1F11C2A1E062100D5C368 = {
						CreatedOnToolsVersion = 14.3;
						TestTargetID = 84E1F1022A1E061F00D5C368;
					};
				};
			};
			buildConfigurationList = 84E1F0FE2A1E061F00D5C368 /* Build configuration list for PBXProject "Landmarks" */;
			compatibilityVersion = "Xcode 14.0";
			developmentRegion = en;
			hasScannedForEncodings = 0;
			knownRegions = (
				en,
				Base,
			);
			mainGroup = 84E1F0FA2A1E061F00D5C368;
			packageReferences = (
				844BC4692A1E2E4B00147B16 /* XCRemoteSwiftPackageReference "swift-algorithms" */,
			);
			productRefGroup = 84E1F1042A1E061F00D5C368 /* Products */;
			projectDirPath = "";
			projectRoot = "";
			targets = (
				84E1F1022A1E061F00D5C368 /* Landmarks */,
				84E1F1122A1E062100D5C368 /* LandmarksTests */,
				84E1F11C2A1E062100D5C368 /* LandmarksUITests */,
			);
		};
/* End PBXProject section */

/* Begin PBXResourcesBuildPhase section */
		84E1F1012A1E061F00D5C368 /* Resources */ = {
			isa = PBXResourcesBuildPhase;
			buildActionMask = 2147483647;
			files = (
				84E1F10E2A1E062100D5C368 /* Preview Assets.xcassets in Resources */,
				84E1F10B2A1E062100D5C368 /* Assets.xcassets in Resources */,
				84E1F1802A1E12A300D5C368 /* landmarkData.json in Resources */,
			);
			runOnlyForDeploymentPostprocessing = 0;
		};
		84E1F1112A1E062100D5C368 /* Resources */ = {
			isa = PBXResourcesBuildPhase;
			buildActionMask = 2147483647;
			files = (
			);
			runOnlyForDeploymentPostprocessing = 0;
		};
		84E1F11B2A1E062100D5C368 /* Resources */ = {
			isa = PBXResourcesBuildPhase;
			buildActionMask = 2147483647;
			files = (
			);
			runOnlyForDeploymentPostprocessing = 0;
		};
/* End PBXResourcesBuildPhase section */

/* Begin PBXShellScriptBuildPhase section */
		844BC46C2A1E2EED00147B16 /* Swiftlint */ = {
			isa = PBXShellScriptBuildPhase;
			buildActionMask = 2147483647;
			files = (
			);
			inputFileListPaths = (
			);
			inputPaths = (
			);
			name = Swiftlint;
			outputFileListPaths = (
			);
			outputPaths = (
			);
			runOnlyForDeploymentPostprocessing = 0;
			shellPath = /bin/sh;
			shellScript = "# Type a script or drag a script file from your workspace to insert its path.\nif [[ \"$(uname -m)\" == arm64 ]]; then\n    export PATH=\"/opt/homebrew/bin:$PATH\"\nfi\n\nif which swiftlint > /dev/null; then\n  swiftlint\nelse\n  echo \"warning: SwiftLint not installed, download from https://github.com/realm/SwiftLint\"\nfi\n";
		};
/* End PBXShellScriptBuildPhase section */

/* Begin PBXSourcesBuildPhase section */
		84E1F0FF2A1E061F00D5C368 /* Sources */ = {
			isa = PBXSourcesBuildPhase;
			buildActionMask = 2147483647;
			files = (
				84E1F1092A1E061F00D5C368 /* ContentView.swift in Sources */,
				84E1F1332A1E0B0500D5C368 /* MapView.swift in Sources */,
				84E1F17A2A1E122900D5C368 /* ModelData.swift in Sources */,
				844BC4662A1E283700147B16 /* FavoriteButton.swift in Sources */,
				84E1F1072A1E061F00D5C368 /* LandmarksApp.swift in Sources */,
				84E1F1862A1E16BF00D5C368 /* LandmarkDetail.swift in Sources */,
				84E1F1312A1E0A6500D5C368 /* CircleImage.swift in Sources */,
				84E1F1822A1E12E400D5C368 /* LandmarkRow.swift in Sources */,
				84E1F17B2A1E122900D5C368 /* Landmark.swift in Sources */,
				84E1F1842A1E15B600D5C368 /* LandmarksList.swift in Sources */,
			);
			runOnlyForDeploymentPostprocessing = 0;
		};
		84E1F10F2A1E062100D5C368 /* Sources */ = {
			isa = PBXSourcesBuildPhase;
			buildActionMask = 2147483647;
			files = (
				84E1F1182A1E062100D5C368 /* LandmarksTests.swift in Sources */,
			);
			runOnlyForDeploymentPostprocessing = 0;
		};
		84E1F1192A1E062100D5C368 /* Sources */ = {
			isa = PBXSourcesBuildPhase;
			buildActionMask = 2147483647;
			files = (
				84E1F1242A1E062100D5C368 /* LandmarksUITestsLaunchTests.swift in Sources */,
				84E1F1222A1E062100D5C368 /* LandmarksUITests.swift in Sources */,
			);
			runOnlyForDeploymentPostprocessing = 0;
		};
/* End PBXSourcesBuildPhase section */

/* Begin PBXTargetDependency section */
		84E1F1152A1E062100D5C368 /* PBXTargetDependency */ = {
			isa = PBXTargetDependency;
			target = 84E1F1022A1E061F00D5C368 /* Landmarks */;
			targetProxy = 84E1F1142A1E062100D5C368 /* PBXContainerItemProxy */;
		};
		84E1F11F2A1E062100D5C368 /* PBXTargetDependency */ = {
			isa = PBXTargetDependency;
			target = 84E1F1022A1E061F00D5C368 /* Landmarks */;
			targetProxy = 84E1F11E2A1E062100D5C368 /* PBXContainerItemProxy */;
		};
/* End PBXTargetDependency section */

/* Begin XCBuildConfiguration section */
		84E1F1252A1E062100D5C368 /* Debug */ = {
			isa = XCBuildConfiguration;
			buildSettings = {
				ALWAYS_SEARCH_USER_PATHS = NO;
				CLANG_ANALYZER_NONNULL = YES;
				CLANG_ANALYZER_NUMBER_OBJECT_CONVERSION = YES_AGGRESSIVE;
				CLANG_CXX_LANGUAGE_STANDARD = "gnu++20";
				CLANG_ENABLE_MODULES = YES;
				CLANG_ENABLE_OBJC_ARC = YES;
				CLANG_ENABLE_OBJC_WEAK = YES;
				CLANG_WARN_BLOCK_CAPTURE_AUTORELEASING = YES;
				CLANG_WARN_BOOL_CONVERSION = YES;
				CLANG_WARN_COMMA = YES;
				CLANG_WARN_CONSTANT_CONVERSION = YES;
				CLANG_WARN_DEPRECATED_OBJC_IMPLEMENTATIONS = YES;
				CLANG_WARN_DIRECT_OBJC_ISA_USAGE = YES_ERROR;
				CLANG_WARN_DOCUMENTATION_COMMENTS = YES;
				CLANG_WARN_EMPTY_BODY = YES;
				CLANG_WARN_ENUM_CONVERSION = YES;
				CLANG_WARN_INFINITE_RECURSION = YES;
				CLANG_WARN_INT_CONVERSION = YES;
				CLANG_WARN_NON_LITERAL_NULL_CONVERSION = YES;
				CLANG_WARN_OBJC_IMPLICIT_RETAIN_SELF = YES;
				CLANG_WARN_OBJC_LITERAL_CONVERSION = YES;
				CLANG_WARN_OBJC_ROOT_CLASS = YES_ERROR;
				CLANG_WARN_QUOTED_INCLUDE_IN_FRAMEWORK_HEADER = YES;
				CLANG_WARN_RANGE_LOOP_ANALYSIS = YES;
				CLANG_WARN_STRICT_PROTOTYPES = YES;
				CLANG_WARN_SUSPICIOUS_MOVE = YES;
				CLANG_WARN_UNGUARDED_AVAILABILITY = YES_AGGRESSIVE;
				CLANG_WARN_UNREACHABLE_CODE = YES;
				CLANG_WARN__DUPLICATE_METHOD_MATCH = YES;
				COPY_PHASE_STRIP = NO;
				DEBUG_INFORMATION_FORMAT = dwarf;
				ENABLE_STRICT_OBJC_MSGSEND = YES;
				ENABLE_TESTABILITY = YES;
				GCC_C_LANGUAGE_STANDARD = gnu11;
				GCC_DYNAMIC_NO_PIC = NO;
				GCC_NO_COMMON_BLOCKS = YES;
				GCC_OPTIMIZATION_LEVEL = 0;
				GCC_PREPROCESSOR_DEFINITIONS = (
					"DEBUG=1",
					"$(inherited)",
				);
				GCC_WARN_64_TO_32_BIT_CONVERSION = YES;
				GCC_WARN_ABOUT_RETURN_TYPE = YES_ERROR;
				GCC_WARN_UNDECLARED_SELECTOR = YES;
				GCC_WARN_UNINITIALIZED_AUTOS = YES_AGGRESSIVE;
				GCC_WARN_UNUSED_FUNCTION = YES;
				GCC_WARN_UNUSED_VARIABLE = YES;
				IPHONEOS_DEPLOYMENT_TARGET = 16.4;
				MTL_ENABLE_DEBUG_INFO = INCLUDE_SOURCE;
				MTL_FAST_MATH = YES;
				ONLY_ACTIVE_ARCH = YES;
				SDKROOT = iphoneos;
				SWIFT_ACTIVE_COMPILATION_CONDITIONS = DEBUG;
				SWIFT_OPTIMIZATION_LEVEL = "-Onone";
			};
			name = Debug;
		};
		84E1F1262A1E062100D5C368 /* Release */ = {
			isa = XCBuildConfiguration;
			buildSettings = {
				ALWAYS_SEARCH_USER_PATHS = NO;
				CLANG_ANALYZER_NONNULL = YES;
				CLANG_ANALYZER_NUMBER_OBJECT_CONVERSION = YES_AGGRESSIVE;
				CLANG_CXX_LANGUAGE_STANDARD = "gnu++20";
				CLANG_ENABLE_MODULES = YES;
				CLANG_ENABLE_OBJC_ARC = YES;
				CLANG_ENABLE_OBJC_WEAK = YES;
				CLANG_WARN_BLOCK_CAPTURE_AUTORELEASING = YES;
				CLANG_WARN_BOOL_CONVERSION = YES;
				CLANG_WARN_COMMA = YES;
				CLANG_WARN_CONSTANT_CONVERSION = YES;
				CLANG_WARN_DEPRECATED_OBJC_IMPLEMENTATIONS = YES;
				CLANG_WARN_DIRECT_OBJC_ISA_USAGE = YES_ERROR;
				CLANG_WARN_DOCUMENTATION_COMMENTS = YES;
				CLANG_WARN_EMPTY_BODY = YES;
				CLANG_WARN_ENUM_CONVERSION = YES;
				CLANG_WARN_INFINITE_RECURSION = YES;
				CLANG_WARN_INT_CONVERSION = YES;
				CLANG_WARN_NON_LITERAL_NULL_CONVERSION = YES;
				CLANG_WARN_OBJC_IMPLICIT_RETAIN_SELF = YES;
				CLANG_WARN_OBJC_LITERAL_CONVERSION = YES;
				CLANG_WARN_OBJC_ROOT_CLASS = YES_ERROR;
				CLANG_WARN_QUOTED_INCLUDE_IN_FRAMEWORK_HEADER = YES;
				CLANG_WARN_RANGE_LOOP_ANALYSIS = YES;
				CLANG_WARN_STRICT_PROTOTYPES = YES;
				CLANG_WARN_SUSPICIOUS_MOVE = YES;
				CLANG_WARN_UNGUARDED_AVAILABILITY = YES_AGGRESSIVE;
				CLANG_WARN_UNREACHABLE_CODE = YES;
				CLANG_WARN__DUPLICATE_METHOD_MATCH = YES;
				COPY_PHASE_STRIP = NO;
				DEBUG_INFORMATION_FORMAT = "dwarf-with-dsym";
				ENABLE_NS_ASSERTIONS = NO;
				ENABLE_STRICT_OBJC_MSGSEND = YES;
				GCC_C_LANGUAGE_STANDARD = gnu11;
				GCC_NO_COMMON_BLOCKS = YES;
				GCC_WARN_64_TO_32_BIT_CONVERSION = YES;
				GCC_WARN_ABOUT_RETURN_TYPE = YES_ERROR;
				GCC_WARN_UNDECLARED_SELECTOR = YES;
				GCC_WARN_UNINITIALIZED_AUTOS = YES_AGGRESSIVE;
				GCC_WARN_UNUSED_FUNCTION = YES;
				GCC_WARN_UNUSED_VARIABLE = YES;
				IPHONEOS_DEPLOYMENT_TARGET = 16.4;
				MTL_ENABLE_DEBUG_INFO = NO;
				MTL_FAST_MATH = YES;
				SDKROOT = iphoneos;
				SWIFT_COMPILATION_MODE = wholemodule;
				SWIFT_OPTIMIZATION_LEVEL = "-O";
				VALIDATE_PRODUCT = YES;
			};
			name = Release;
		};
		84E1F1282A1E062100D5C368 /* Debug */ = {
			isa = XCBuildConfiguration;
			buildSettings = {
				ASSETCATALOG_COMPILER_APPICON_NAME = AppIcon;
				ASSETCATALOG_COMPILER_GLOBAL_ACCENT_COLOR_NAME = AccentColor;
				CODE_SIGN_STYLE = Automatic;
				CURRENT_PROJECT_VERSION = 1;
				DEVELOPMENT_ASSET_PATHS = "\"Landmarks/Preview Content\"";
				DEVELOPMENT_TEAM = A8Y74TV238;
				ENABLE_PREVIEWS = YES;
				GENERATE_INFOPLIST_FILE = YES;
				INFOPLIST_KEY_UIApplicationSceneManifest_Generation = YES;
				INFOPLIST_KEY_UIApplicationSupportsIndirectInputEvents = YES;
				INFOPLIST_KEY_UILaunchScreen_Generation = YES;
				INFOPLIST_KEY_UISupportedInterfaceOrientations_iPad = "UIInterfaceOrientationPortrait UIInterfaceOrientationPortraitUpsideDown UIInterfaceOrientationLandscapeLeft UIInterfaceOrientationLandscapeRight";
				INFOPLIST_KEY_UISupportedInterfaceOrientations_iPhone = "UIInterfaceOrientationPortrait UIInterfaceOrientationLandscapeLeft UIInterfaceOrientationLandscapeRight";
				LD_RUNPATH_SEARCH_PATHS = (
					"$(inherited)",
					"@executable_path/Frameworks",
				);
				MARKETING_VERSION = 1.0;
				PRODUCT_BUNDLE_IDENTIFIER = globalLogic.Landmarks;
				PRODUCT_NAME = "$(TARGET_NAME)";
				SWIFT_EMIT_LOC_STRINGS = YES;
				SWIFT_VERSION = 5.0;
				TARGETED_DEVICE_FAMILY = "1,2";
			};
			name = Debug;
		};
		84E1F1292A1E062100D5C368 /* Release */ = {
			isa = XCBuildConfiguration;
			buildSettings = {
				ASSETCATALOG_COMPILER_APPICON_NAME = AppIcon;
				ASSETCATALOG_COMPILER_GLOBAL_ACCENT_COLOR_NAME = AccentColor;
				CODE_SIGN_STYLE = Automatic;
				CURRENT_PROJECT_VERSION = 1;
				DEVELOPMENT_ASSET_PATHS = "\"Landmarks/Preview Content\"";
				DEVELOPMENT_TEAM = A8Y74TV238;
				ENABLE_PREVIEWS = YES;
				GENERATE_INFOPLIST_FILE = YES;
				INFOPLIST_KEY_UIApplicationSceneManifest_Generation = YES;
				INFOPLIST_KEY_UIApplicationSupportsIndirectInputEvents = YES;
				INFOPLIST_KEY_UILaunchScreen_Generation = YES;
				INFOPLIST_KEY_UISupportedInterfaceOrientations_iPad = "UIInterfaceOrientationPortrait UIInterfaceOrientationPortraitUpsideDown UIInterfaceOrientationLandscapeLeft UIInterfaceOrientationLandscapeRight";
				INFOPLIST_KEY_UISupportedInterfaceOrientations_iPhone = "UIInterfaceOrientationPortrait UIInterfaceOrientationLandscapeLeft UIInterfaceOrientationLandscapeRight";
				LD_RUNPATH_SEARCH_PATHS = (
					"$(inherited)",
					"@executable_path/Frameworks",
				);
				MARKETING_VERSION = 1.0;
				PRODUCT_BUNDLE_IDENTIFIER = globalLogic.Landmarks;
				PRODUCT_NAME = "$(TARGET_NAME)";
				SWIFT_EMIT_LOC_STRINGS = YES;
				SWIFT_VERSION = 5.0;
				TARGETED_DEVICE_FAMILY = "1,2";
			};
			name = Release;
		};
		84E1F12B2A1E062100D5C368 /* Debug */ = {
			isa = XCBuildConfiguration;
			buildSettings = {
				ALWAYS_EMBED_SWIFT_STANDARD_LIBRARIES = YES;
				BUNDLE_LOADER = "$(TEST_HOST)";
				CODE_SIGN_STYLE = Automatic;
				CURRENT_PROJECT_VERSION = 1;
				DEVELOPMENT_TEAM = A8Y74TV238;
				GENERATE_INFOPLIST_FILE = YES;
				IPHONEOS_DEPLOYMENT_TARGET = 16.4;
				MARKETING_VERSION = 1.0;
				PRODUCT_BUNDLE_IDENTIFIER = globalLogic.LandmarksTests;
				PRODUCT_NAME = "$(TARGET_NAME)";
				SWIFT_EMIT_LOC_STRINGS = NO;
				SWIFT_VERSION = 5.0;
				TARGETED_DEVICE_FAMILY = "1,2";
				TEST_HOST = "$(BUILT_PRODUCTS_DIR)/Landmarks.app/$(BUNDLE_EXECUTABLE_FOLDER_PATH)/Landmarks";
			};
			name = Debug;
		};
		84E1F12C2A1E062100D5C368 /* Release */ = {
			isa = XCBuildConfiguration;
			buildSettings = {
				ALWAYS_EMBED_SWIFT_STANDARD_LIBRARIES = YES;
				BUNDLE_LOADER = "$(TEST_HOST)";
				CODE_SIGN_STYLE = Automatic;
				CURRENT_PROJECT_VERSION = 1;
				DEVELOPMENT_TEAM = A8Y74TV238;
				GENERATE_INFOPLIST_FILE = YES;
				IPHONEOS_DEPLOYMENT_TARGET = 16.4;
				MARKETING_VERSION = 1.0;
				PRODUCT_BUNDLE_IDENTIFIER = globalLogic.LandmarksTests;
				PRODUCT_NAME = "$(TARGET_NAME)";
				SWIFT_EMIT_LOC_STRINGS = NO;
				SWIFT_VERSION = 5.0;
				TARGETED_DEVICE_FAMILY = "1,2";
				TEST_HOST = "$(BUILT_PRODUCTS_DIR)/Landmarks.app/$(BUNDLE_EXECUTABLE_FOLDER_PATH)/Landmarks";
			};
			name = Release;
		};
		84E1F12E2A1E062100D5C368 /* Debug */ = {
			isa = XCBuildConfiguration;
			buildSettings = {
				ALWAYS_EMBED_SWIFT_STANDARD_LIBRARIES = YES;
				CODE_SIGN_STYLE = Automatic;
				CURRENT_PROJECT_VERSION = 1;
				DEVELOPMENT_TEAM = A8Y74TV238;
				GENERATE_INFOPLIST_FILE = YES;
				MARKETING_VERSION = 1.0;
				PRODUCT_BUNDLE_IDENTIFIER = globalLogic.LandmarksUITests;
				PRODUCT_NAME = "$(TARGET_NAME)";
				SWIFT_EMIT_LOC_STRINGS = NO;
				SWIFT_VERSION = 5.0;
				TARGETED_DEVICE_FAMILY = "1,2";
				TEST_TARGET_NAME = Landmarks;
			};
			name = Debug;
		};
		84E1F12F2A1E062100D5C368 /* Release */ = {
			isa = XCBuildConfiguration;
			buildSettings = {
				ALWAYS_EMBED_SWIFT_STANDARD_LIBRARIES = YES;
				CODE_SIGN_STYLE = Automatic;
				CURRENT_PROJECT_VERSION = 1;
				DEVELOPMENT_TEAM = A8Y74TV238;
				GENERATE_INFOPLIST_FILE = YES;
				MARKETING_VERSION = 1.0;
				PRODUCT_BUNDLE_IDENTIFIER = globalLogic.LandmarksUITests;
				PRODUCT_NAME = "$(TARGET_NAME)";
				SWIFT_EMIT_LOC_STRINGS = NO;
				SWIFT_VERSION = 5.0;
				TARGETED_DEVICE_FAMILY = "1,2";
				TEST_TARGET_NAME = Landmarks;
			};
			name = Release;
		};
/* End XCBuildConfiguration section */

/* Begin XCConfigurationList section */
		84E1F0FE2A1E061F00D5C368 /* Build configuration list for PBXProject "Landmarks" */ = {
			isa = XCConfigurationList;
			buildConfigurations = (
				84E1F1252A1E062100D5C368 /* Debug */,
				84E1F1262A1E062100D5C368 /* Release */,
			);
			defaultConfigurationIsVisible = 0;
			defaultConfigurationName = Release;
		};
		84E1F1272A1E062100D5C368 /* Build configuration list for PBXNativeTarget "Landmarks" */ = {
			isa = XCConfigurationList;
			buildConfigurations = (
				84E1F1282A1E062100D5C368 /* Debug */,
				84E1F1292A1E062100D5C368 /* Release */,
			);
			defaultConfigurationIsVisible = 0;
			defaultConfigurationName = Release;
		};
		84E1F12A2A1E062100D5C368 /* Build configuration list for PBXNativeTarget "LandmarksTests" */ = {
			isa = XCConfigurationList;
			buildConfigurations = (
				84E1F12B2A1E062100D5C368 /* Debug */,
				84E1F12C2A1E062100D5C368 /* Release */,
			);
			defaultConfigurationIsVisible = 0;
			defaultConfigurationName = Release;
		};
		84E1F12D2A1E062100D5C368 /* Build configuration list for PBXNativeTarget "LandmarksUITests" */ = {
			isa = XCConfigurationList;
			buildConfigurations = (
				84E1F12E2A1E062100D5C368 /* Debug */,
				84E1F12F2A1E062100D5C368 /* Release */,
			);
			defaultConfigurationIsVisible = 0;
			defaultConfigurationName = Release;
		};
/* End XCConfigurationList section */

/* Begin XCRemoteSwiftPackageReference section */
		844BC4692A1E2E4B00147B16 /* XCRemoteSwiftPackageReference "swift-algorithms" */ = {
			isa = XCRemoteSwiftPackageReference;
			repositoryURL = "https://github.com/apple/swift-algorithms.git";
			requirement = {
				kind = upToNextMajorVersion;
				minimumVersion = 1.0.0;
			};
		};
/* End XCRemoteSwiftPackageReference section */

/* Begin XCSwiftPackageProductDependency section */
		844BC46A2A1E2E4B00147B16 /* Algorithms */ = {
			isa = XCSwiftPackageProductDependency;
			package = 844BC4692A1E2E4B00147B16 /* XCRemoteSwiftPackageReference "swift-algorithms" */;
			productName = Algorithms;
		};
/* End XCSwiftPackageProductDependency section */
	};
	rootObject = 84E1F0FB2A1E061F00D5C368 /* Project object */;
}
